
Microsoft Visual Studio Solution File, Format Version 12.00
# Visual Studio Version 17
VisualStudioVersion = 17.0.32112.339
MinimumVisualStudioVersion = 10.0.40219.1
Project("{FAE04EC0-301F-11D3-BF4B-00C04F79EFBC}") = "adaptive.puffy.testing", "adaptive.puffy.testing.csproj", "{D55F73E1-126E-4C48-9696-0DBF643F33AB}"
EndProject
Global
	GlobalSection(SolutionConfigurationPlatforms) = preSolution
		Debug|Any CPU = Debug|Any CPU
		Release|Any CPU = Release|Any CPU
	EndGlobalSection
	GlobalSection(ProjectConfigurationPlatforms) = postSolution
		{D55F73E1-126E-4C48-9696-0DBF643F33AB}.Debug|Any CPU.ActiveCfg = Debug|Any CPU
		{D55F73E1-126E-4C48-9696-0DBF643F33AB}.Debug|Any CPU.Build.0 = Debug|Any CPU
		{D55F73E1-126E-4C48-9696-0DBF643F33AB}.Release|Any CPU.ActiveCfg = Release|Any CPU
		{D55F73E1-126E-4C48-9696-0DBF643F33AB}.Release|Any CPU.Build.0 = Release|Any CPU
	EndGlobalSection
	GlobalSection(SolutionProperties) = preSolution
		HideSolutionNode = FALSE
	EndGlobalSection
	GlobalSection(ExtensibilityGlobals) = postSolution
		SolutionGuid = {FF98C21B-EF44-4ED0-924B-126671EDF84E}
	EndGlobalSection
EndGlobal
